{
  "name": "usage",
  "version": "1.0.0",
  "lockfileVersion": 3,
  "requires": true,
  "packages": {
    "": {
      "name": "usage",
      "version": "1.0.0",
      "license": "ISC",
      "dependencies": {
        "@bbsify/npm-poc": "^1.0.5"
      }
    },
    "node_modules/@bbsify/npm-poc": {
      "version": "1.0.5",
      "resolved": "https://registry.npmjs.org/@bbsify/npm-poc/-/npm-poc-1.0.5.tgz",
      "integrity": "sha512-z91mX6rXoggIBwZcIGMoPjcAnPrMaSBxP2ORsYXke20M7LCWIMFPxLkNiWWuYmC9FE0GSoVccLwBVgbZGYxz2A==",
      "license": "ISC",
      "dependencies": {
        "local": "file:./local"
      }
    },
    "node_modules/@bbsify/npm-poc/local": {},
    "node_modules/local": {
      "resolved": "node_modules/@bbsify/npm-poc/local",
      "link": true
    }
  }
}
