{
  "name": "@bbsify/npm-poc-localized",
  "lockfileVersion": 3,
  "requires": true,
  "packages": {
    "": {
      "name": "@bbsify/npm-poc-localized",
      "optionalDependencies": {
        "darwin": "file:./native/darwin",
        "linux": "file:./native/linux"
      }
    },
    "native/darwin": {
      "cpu": [
        "arm64"
      ],
      "optional": true,
      "os": [
        "darwin"
      ]
    },
    "native/linux": {
      "cpu": [
        "arm64"
      ],
      "optional": true,
      "os": [
        "linux"
      ]
    },
    "node_modules/darwin": {
      "resolved": "native/darwin",
      "link": true
    },
    "node_modules/linux": {
      "resolved": "native/linux",
      "link": true
    }
  }
}
