{
  "name": "usage",
  "lockfileVersion": 3,
  "requires": true,
  "packages": {
    "": {
      "name": "usage",
      "dependencies": {
        "@bbsify/npm-poc-localized": "^1.0.0"
      }
    },
    "node_modules/@bbsify/npm-poc-localized": {
      "version": "1.0.0",
      "resolved": "https://registry.npmjs.org/@bbsify/npm-poc-localized/-/npm-poc-localized-1.0.0.tgz",
      "integrity": "sha512-DnyAsKR+40YeKgUGMpFExez+bY1IwCE4KMRBGZ5YhK1aQ36WmUdYTPiaQV8vU48Jq7mgq3KXOAhaYwRK7GFSow==",
      "optionalDependencies": {
        "darwin": "file:./native/darwin",
        "linux": "file:./native/linux"
      }
    },
    "node_modules/@bbsify/npm-poc-localized/native/darwin": {
      "optional": true
    },
    "node_modules/@bbsify/npm-poc-localized/native/linux": {
      "optional": true
    },
    "node_modules/darwin": {
      "resolved": "node_modules/@bbsify/npm-poc-localized/native/darwin",
      "link": true
    },
    "node_modules/linux": {
      "resolved": "node_modules/@bbsify/npm-poc-localized/native/linux",
      "link": true
    }
  }
}
